{
  "version": 4,
  "terraform_version": "1.1.6",
  "serial": 90,
  "lineage": "556421e6-8733-d79d-6994-9f13fea8f2e6",
  "outputs": {
    "ec2_instances": {
      "value": [
        {
          "ami": "ami-f9fa4183",
          "arn": "arn:aws:ec2:us-east-1:728643735238:instance/i-0e60856ba0b3c4604",
          "associate_public_ip_address": true,
          "availability_zone": "us-east-1c",
          "capacity_reservation_specification": [
            {
              "capacity_reservation_preference": "open",
              "capacity_reservation_target": []
            }
          ],
          "cpu_core_count": 1,
          "cpu_threads_per_core": 1,
          "credit_specification": [
            {
              "cpu_credits": "standard"
            }
          ],
          "disable_api_termination": false,
          "ebs_block_device": [],
          "ebs_optimized": false,
          "enclave_options": [
            {
              "enabled": false
            }
          ],
          "ephemeral_block_device": [],
          "get_password_data": false,
          "hibernation": false,
          "host_id": null,
          "iam_instance_profile": "",
          "id": "i-0e60856ba0b3c4604",
          "instance_initiated_shutdown_behavior": "stop",
          "instance_state": "running",
          "instance_type": "t2.micro",
          "ipv6_address_count": 0,
          "ipv6_addresses": [],
          "key_name": "TBSTools-ssh-key",
          "launch_template": [],
          "metadata_options": [
            {
              "http_endpoint": "enabled",
              "http_put_response_hop_limit": 1,
              "http_tokens": "optional",
              "instance_metadata_tags": "disabled"
            }
          ],
          "monitoring": false,
          "network_interface": [],
          "outpost_arn": "",
          "password_data": "",
          "placement_group": "",
          "placement_partition_number": null,
          "primary_network_interface_id": "eni-057bc8762d605a501",
          "private_dns": "ip-10-10-3-167.ec2.internal",
          "private_ip": "10.10.3.167",
          "public_dns": "ec2-44-203-99-165.compute-1.amazonaws.com",
          "public_ip": "44.203.99.165",
          "root_block_device": [
            {
              "delete_on_termination": false,
              "device_name": "/dev/sda1",
              "encrypted": false,
              "iops": 0,
              "kms_key_id": "",
              "tags": {},
              "throughput": 0,
              "volume_id": "vol-02740f64e456bea83",
              "volume_size": 8,
              "volume_type": "standard"
            }
          ],
          "secondary_private_ips": [],
          "security_groups": [],
          "source_dest_check": true,
          "subnet_id": "subnet-0a925348ebb91e5f7",
          "tags": {
            "Name": "TBSTools-instance-0"
          },
          "tags_all": {
            "Name": "TBSTools-instance-0"
          },
          "tenancy": "default",
          "timeouts": null,
          "user_data": "2c8288b9f4f01e7ddf7b809b5618085c3a1604ae",
          "user_data_base64": null,
          "volume_tags": null,
          "vpc_security_group_ids": [
            "sg-0ee950bc8c4b256c4"
          ]
        },
        {
          "ami": "ami-f9fa4183",
          "arn": "arn:aws:ec2:us-east-1:728643735238:instance/i-0f55c92e59928eb0d",
          "associate_public_ip_address": true,
          "availability_zone": "us-east-1b",
          "capacity_reservation_specification": [
            {
              "capacity_reservation_preference": "open",
              "capacity_reservation_target": []
            }
          ],
          "cpu_core_count": 1,
          "cpu_threads_per_core": 1,
          "credit_specification": [
            {
              "cpu_credits": "standard"
            }
          ],
          "disable_api_termination": false,
          "ebs_block_device": [],
          "ebs_optimized": false,
          "enclave_options": [
            {
              "enabled": false
            }
          ],
          "ephemeral_block_device": [],
          "get_password_data": false,
          "hibernation": false,
          "host_id": null,
          "iam_instance_profile": "",
          "id": "i-0f55c92e59928eb0d",
          "instance_initiated_shutdown_behavior": "stop",
          "instance_state": "running",
          "instance_type": "t2.micro",
          "ipv6_address_count": 0,
          "ipv6_addresses": [],
          "key_name": "TBSTools-ssh-key",
          "launch_template": [],
          "metadata_options": [
            {
              "http_endpoint": "enabled",
              "http_put_response_hop_limit": 1,
              "http_tokens": "optional",
              "instance_metadata_tags": "disabled"
            }
          ],
          "monitoring": false,
          "network_interface": [],
          "outpost_arn": "",
          "password_data": "",
          "placement_group": "",
          "placement_partition_number": null,
          "primary_network_interface_id": "eni-042fbeef000de0bcc",
          "private_dns": "ip-10-10-2-23.ec2.internal",
          "private_ip": "10.10.2.23",
          "public_dns": "ec2-3-238-34-9.compute-1.amazonaws.com",
          "public_ip": "3.238.34.9",
          "root_block_device": [
            {
              "delete_on_termination": false,
              "device_name": "/dev/sda1",
              "encrypted": false,
              "iops": 0,
              "kms_key_id": "",
              "tags": {},
              "throughput": 0,
              "volume_id": "vol-0679439b318371032",
              "volume_size": 8,
              "volume_type": "standard"
            }
          ],
          "secondary_private_ips": [],
          "security_groups": [],
          "source_dest_check": true,
          "subnet_id": "subnet-0b2600480b80bbbdf",
          "tags": {
            "Name": "TBSTools-instance-1"
          },
          "tags_all": {
            "Name": "TBSTools-instance-1"
          },
          "tenancy": "default",
          "timeouts": null,
          "user_data": "2c8288b9f4f01e7ddf7b809b5618085c3a1604ae",
          "user_data_base64": null,
          "volume_tags": null,
          "vpc_security_group_ids": [
            "sg-0ee950bc8c4b256c4"
          ]
        },
        {
          "ami": "ami-f9fa4183",
          "arn": "arn:aws:ec2:us-east-1:728643735238:instance/i-0330a30aa57566dca",
          "associate_public_ip_address": true,
          "availability_zone": "us-east-1a",
          "capacity_reservation_specification": [
            {
              "capacity_reservation_preference": "open",
              "capacity_reservation_target": []
            }
          ],
          "cpu_core_count": 1,
          "cpu_threads_per_core": 1,
          "credit_specification": [
            {
              "cpu_credits": "standard"
            }
          ],
          "disable_api_termination": false,
          "ebs_block_device": [],
          "ebs_optimized": false,
          "enclave_options": [
            {
              "enabled": false
            }
          ],
          "ephemeral_block_device": [],
          "get_password_data": false,
          "hibernation": false,
          "host_id": null,
          "iam_instance_profile": "",
          "id": "i-0330a30aa57566dca",
          "instance_initiated_shutdown_behavior": "stop",
          "instance_state": "running",
          "instance_type": "t2.micro",
          "ipv6_address_count": 0,
          "ipv6_addresses": [],
          "key_name": "TBSTools-ssh-key",
          "launch_template": [],
          "metadata_options": [
            {
              "http_endpoint": "enabled",
              "http_put_response_hop_limit": 1,
              "http_tokens": "optional",
              "instance_metadata_tags": "disabled"
            }
          ],
          "monitoring": false,
          "network_interface": [],
          "outpost_arn": "",
          "password_data": "",
          "placement_group": "",
          "placement_partition_number": null,
          "primary_network_interface_id": "eni-0e3e77a05ad0b827b",
          "private_dns": "ip-10-10-1-86.ec2.internal",
          "private_ip": "10.10.1.86",
          "public_dns": "ec2-54-196-27-162.compute-1.amazonaws.com",
          "public_ip": "54.196.27.162",
          "root_block_device": [
            {
              "delete_on_termination": false,
              "device_name": "/dev/sda1",
              "encrypted": false,
              "iops": 0,
              "kms_key_id": "",
              "tags": {},
              "throughput": 0,
              "volume_id": "vol-0fe2dd8d16fe99a6b",
              "volume_size": 8,
              "volume_type": "standard"
            }
          ],
          "secondary_private_ips": [],
          "security_groups": [],
          "source_dest_check": true,
          "subnet_id": "subnet-0e5cde6dc5f97e98e",
          "tags": {
            "Name": "TBSTools-instance-2"
          },
          "tags_all": {
            "Name": "TBSTools-instance-2"
          },
          "tenancy": "default",
          "timeouts": null,
          "user_data": "2c8288b9f4f01e7ddf7b809b5618085c3a1604ae",
          "user_data_base64": null,
          "volume_tags": null,
          "vpc_security_group_ids": [
            "sg-0ee950bc8c4b256c4"
          ]
        }
      ],
      "type": [
        "tuple",
        [
          [
            "object",
            {
              "ami": "string",
              "arn": "string",
              "associate_public_ip_address": "bool",
              "availability_zone": "string",
              "capacity_reservation_specification": [
                "list",
                [
                  "object",
                  {
                    "capacity_reservation_preference": "string",
                    "capacity_reservation_target": [
                      "list",
                      [
                        "object",
                        {
                          "capacity_reservation_id": "string"
                        }
                      ]
                    ]
                  }
                ]
              ],
              "cpu_core_count": "number",
              "cpu_threads_per_core": "number",
              "credit_specification": [
                "list",
                [
                  "object",
                  {
                    "cpu_credits": "string"
                  }
                ]
              ],
              "disable_api_termination": "bool",
              "ebs_block_device": [
                "set",
                [
                  "object",
                  {
                    "delete_on_termination": "bool",
                    "device_name": "string",
                    "encrypted": "bool",
                    "iops": "number",
                    "kms_key_id": "string",
                    "snapshot_id": "string",
                    "tags": [
                      "map",
                      "string"
                    ],
                    "throughput": "number",
                    "volume_id": "string",
                    "volume_size": "number",
                    "volume_type": "string"
                  }
                ]
              ],
              "ebs_optimized": "bool",
              "enclave_options": [
                "list",
                [
                  "object",
                  {
                    "enabled": "bool"
                  }
                ]
              ],
              "ephemeral_block_device": [
                "set",
                [
                  "object",
                  {
                    "device_name": "string",
                    "no_device": "bool",
                    "virtual_name": "string"
                  }
                ]
              ],
              "get_password_data": "bool",
              "hibernation": "bool",
              "host_id": "string",
              "iam_instance_profile": "string",
              "id": "string",
              "instance_initiated_shutdown_behavior": "string",
              "instance_state": "string",
              "instance_type": "string",
              "ipv6_address_count": "number",
              "ipv6_addresses": [
                "list",
                "string"
              ],
              "key_name": "string",
              "launch_template": [
                "list",
                [
                  "object",
                  {
                    "id": "string",
                    "name": "string",
                    "version": "string"
                  }
                ]
              ],
              "metadata_options": [
                "list",
                [
                  "object",
                  {
                    "http_endpoint": "string",
                    "http_put_response_hop_limit": "number",
                    "http_tokens": "string",
                    "instance_metadata_tags": "string"
                  }
                ]
              ],
              "monitoring": "bool",
              "network_interface": [
                "set",
                [
                  "object",
                  {
                    "delete_on_termination": "bool",
                    "device_index": "number",
                    "network_interface_id": "string"
                  }
                ]
              ],
              "outpost_arn": "string",
              "password_data": "string",
              "placement_group": "string",
              "placement_partition_number": "number",
              "primary_network_interface_id": "string",
              "private_dns": "string",
              "private_ip": "string",
              "public_dns": "string",
              "public_ip": "string",
              "root_block_device": [
                "list",
                [
                  "object",
                  {
                    "delete_on_termination": "bool",
                    "device_name": "string",
                    "encrypted": "bool",
                    "iops": "number",
                    "kms_key_id": "string",
                    "tags": [
                      "map",
                      "string"
                    ],
                    "throughput": "number",
                    "volume_id": "string",
                    "volume_size": "number",
                    "volume_type": "string"
                  }
                ]
              ],
              "secondary_private_ips": [
                "set",
                "string"
              ],
              "security_groups": [
                "set",
                "string"
              ],
              "source_dest_check": "bool",
              "subnet_id": "string",
              "tags": [
                "map",
                "string"
              ],
              "tags_all": [
                "map",
                "string"
              ],
              "tenancy": "string",
              "timeouts": [
                "object",
                {
                  "create": "string",
                  "delete": "string",
                  "update": "string"
                }
              ],
              "user_data": "string",
              "user_data_base64": "string",
              "volume_tags": [
                "map",
                "string"
              ],
              "vpc_security_group_ids": [
                "set",
                "string"
              ]
            }
          ],
          [
            "object",
            {
              "ami": "string",
              "arn": "string",
              "associate_public_ip_address": "bool",
              "availability_zone": "string",
              "capacity_reservation_specification": [
                "list",
                [
                  "object",
                  {
                    "capacity_reservation_preference": "string",
                    "capacity_reservation_target": [
                      "list",
                      [
                        "object",
                        {
                          "capacity_reservation_id": "string"
                        }
                      ]
                    ]
                  }
                ]
              ],
              "cpu_core_count": "number",
              "cpu_threads_per_core": "number",
              "credit_specification": [
                "list",
                [
                  "object",
                  {
                    "cpu_credits": "string"
                  }
                ]
              ],
              "disable_api_termination": "bool",
              "ebs_block_device": [
                "set",
                [
                  "object",
                  {
                    "delete_on_termination": "bool",
                    "device_name": "string",
                    "encrypted": "bool",
                    "iops": "number",
                    "kms_key_id": "string",
                    "snapshot_id": "string",
                    "tags": [
                      "map",
                      "string"
                    ],
                    "throughput": "number",
                    "volume_id": "string",
                    "volume_size": "number",
                    "volume_type": "string"
                  }
                ]
              ],
              "ebs_optimized": "bool",
              "enclave_options": [
                "list",
                [
                  "object",
                  {
                    "enabled": "bool"
                  }
                ]
              ],
              "ephemeral_block_device": [
                "set",
                [
                  "object",
                  {
                    "device_name": "string",
                    "no_device": "bool",
                    "virtual_name": "string"
                  }
                ]
              ],
              "get_password_data": "bool",
              "hibernation": "bool",
              "host_id": "string",
              "iam_instance_profile": "string",
              "id": "string",
              "instance_initiated_shutdown_behavior": "string",
              "instance_state": "string",
              "instance_type": "string",
              "ipv6_address_count": "number",
              "ipv6_addresses": [
                "list",
                "string"
              ],
              "key_name": "string",
              "launch_template": [
                "list",
                [
                  "object",
                  {
                    "id": "string",
                    "name": "string",
                    "version": "string"
                  }
                ]
              ],
              "metadata_options": [
                "list",
                [
                  "object",
                  {
                    "http_endpoint": "string",
                    "http_put_response_hop_limit": "number",
                    "http_tokens": "string",
                    "instance_metadata_tags": "string"
                  }
                ]
              ],
              "monitoring": "bool",
              "network_interface": [
                "set",
                [
                  "object",
                  {
                    "delete_on_termination": "bool",
                    "device_index": "number",
                    "network_interface_id": "string"
                  }
                ]
              ],
              "outpost_arn": "string",
              "password_data": "string",
              "placement_group": "string",
              "placement_partition_number": "number",
              "primary_network_interface_id": "string",
              "private_dns": "string",
              "private_ip": "string",
              "public_dns": "string",
              "public_ip": "string",
              "root_block_device": [
                "list",
                [
                  "object",
                  {
                    "delete_on_termination": "bool",
                    "device_name": "string",
                    "encrypted": "bool",
                    "iops": "number",
                    "kms_key_id": "string",
                    "tags": [
                      "map",
                      "string"
                    ],
                    "throughput": "number",
                    "volume_id": "string",
                    "volume_size": "number",
                    "volume_type": "string"
                  }
                ]
              ],
              "secondary_private_ips": [
                "set",
                "string"
              ],
              "security_groups": [
                "set",
                "string"
              ],
              "source_dest_check": "bool",
              "subnet_id": "string",
              "tags": [
                "map",
                "string"
              ],
              "tags_all": [
                "map",
                "string"
              ],
              "tenancy": "string",
              "timeouts": [
                "object",
                {
                  "create": "string",
                  "delete": "string",
                  "update": "string"
                }
              ],
              "user_data": "string",
              "user_data_base64": "string",
              "volume_tags": [
                "map",
                "string"
              ],
              "vpc_security_group_ids": [
                "set",
                "string"
              ]
            }
          ],
          [
            "object",
            {
              "ami": "string",
              "arn": "string",
              "associate_public_ip_address": "bool",
              "availability_zone": "string",
              "capacity_reservation_specification": [
                "list",
                [
                  "object",
                  {
                    "capacity_reservation_preference": "string",
                    "capacity_reservation_target": [
                      "list",
                      [
                        "object",
                        {
                          "capacity_reservation_id": "string"
                        }
                      ]
                    ]
                  }
                ]
              ],
              "cpu_core_count": "number",
              "cpu_threads_per_core": "number",
              "credit_specification": [
                "list",
                [
                  "object",
                  {
                    "cpu_credits": "string"
                  }
                ]
              ],
              "disable_api_termination": "bool",
              "ebs_block_device": [
                "set",
                [
                  "object",
                  {
                    "delete_on_termination": "bool",
                    "device_name": "string",
                    "encrypted": "bool",
                    "iops": "number",
                    "kms_key_id": "string",
                    "snapshot_id": "string",
                    "tags": [
                      "map",
                      "string"
                    ],
                    "throughput": "number",
                    "volume_id": "string",
                    "volume_size": "number",
                    "volume_type": "string"
                  }
                ]
              ],
              "ebs_optimized": "bool",
              "enclave_options": [
                "list",
                [
                  "object",
                  {
                    "enabled": "bool"
                  }
                ]
              ],
              "ephemeral_block_device": [
                "set",
                [
                  "object",
                  {
                    "device_name": "string",
                    "no_device": "bool",
                    "virtual_name": "string"
                  }
                ]
              ],
              "get_password_data": "bool",
              "hibernation": "bool",
              "host_id": "string",
              "iam_instance_profile": "string",
              "id": "string",
              "instance_initiated_shutdown_behavior": "string",
              "instance_state": "string",
              "instance_type": "string",
              "ipv6_address_count": "number",
              "ipv6_addresses": [
                "list",
                "string"
              ],
              "key_name": "string",
              "launch_template": [
                "list",
                [
                  "object",
                  {
                    "id": "string",
                    "name": "string",
                    "version": "string"
                  }
                ]
              ],
              "metadata_options": [
                "list",
                [
                  "object",
                  {
                    "http_endpoint": "string",
                    "http_put_response_hop_limit": "number",
                    "http_tokens": "string",
                    "instance_metadata_tags": "string"
                  }
                ]
              ],
              "monitoring": "bool",
              "network_interface": [
                "set",
                [
                  "object",
                  {
                    "delete_on_termination": "bool",
                    "device_index": "number",
                    "network_interface_id": "string"
                  }
                ]
              ],
              "outpost_arn": "string",
              "password_data": "string",
              "placement_group": "string",
              "placement_partition_number": "number",
              "primary_network_interface_id": "string",
              "private_dns": "string",
              "private_ip": "string",
              "public_dns": "string",
              "public_ip": "string",
              "root_block_device": [
                "list",
                [
                  "object",
                  {
                    "delete_on_termination": "bool",
                    "device_name": "string",
                    "encrypted": "bool",
                    "iops": "number",
                    "kms_key_id": "string",
                    "tags": [
                      "map",
                      "string"
                    ],
                    "throughput": "number",
                    "volume_id": "string",
                    "volume_size": "number",
                    "volume_type": "string"
                  }
                ]
              ],
              "secondary_private_ips": [
                "set",
                "string"
              ],
              "security_groups": [
                "set",
                "string"
              ],
              "source_dest_check": "bool",
              "subnet_id": "string",
              "tags": [
                "map",
                "string"
              ],
              "tags_all": [
                "map",
                "string"
              ],
              "tenancy": "string",
              "timeouts": [
                "object",
                {
                  "create": "string",
                  "delete": "string",
                  "update": "string"
                }
              ],
              "user_data": "string",
              "user_data_base64": "string",
              "volume_tags": [
                "map",
                "string"
              ],
              "vpc_security_group_ids": [
                "set",
                "string"
              ]
            }
          ]
        ]
      ]
    },
    "private_keypair": {
      "value": "TBSTools-ssh-key.pem",
      "type": "string"
    },
    "public_web_urls": {
      "value": [
        "http://ec2-44-203-99-165.compute-1.amazonaws.com",
        "http://ec2-3-238-34-9.compute-1.amazonaws.com",
        "http://ec2-54-196-27-162.compute-1.amazonaws.com"
      ],
      "type": [
        "tuple",
        [
          "string",
          "string",
          "string"
        ]
      ]
    }
  },
  "resources": [
    {
      "mode": "data",
      "type": "aws_ami",
      "name": "centos7",
      "provider": "provider[\"registry.terraform.io/hashicorp/aws\"]",
      "instances": [
        {
          "schema_version": 0,
          "attributes": {
            "architecture": "x86_64",
            "arn": "arn:aws:ec2:us-east-1::image/ami-f9fa4183",
            "block_device_mappings": [
              {
                "device_name": "/dev/sda1",
                "ebs": {
                  "delete_on_termination": "false",
                  "encrypted": "false",
                  "iops": "0",
                  "snapshot_id": "snap-08e5f0e3792c4b337",
                  "throughput": "0",
                  "volume_size": "8",
                  "volume_type": "standard"
                },
                "no_device": "",
                "virtual_name": ""
              }
            ],
            "boot_mode": "",
            "creation_date": "2017-11-12T02:03:41.000Z",
            "description": null,
            "ena_support": true,
            "executable_users": null,
            "filter": [
              {
                "name": "root-device-type",
                "values": [
                  "ebs"
                ]
              },
              {
                "name": "virtualization-type",
                "values": [
                  "hvm"
                ]
              }
            ],
            "hypervisor": "xen",
            "id": "ami-f9fa4183",
            "image_id": "ami-f9fa4183",
            "image_location": "amazon/CentOS 7.x x86_64 - minimal with cloud-init - 201711111753-0",
            "image_owner_alias": "amazon",
            "image_type": "machine",
            "kernel_id": null,
            "most_recent": true,
            "name": "CentOS 7.x x86_64 - minimal with cloud-init - 201711111753-0",
            "name_regex": "^CentOS.*",
            "owner_id": "247102896272",
            "owners": [
              "amazon"
            ],
            "platform": null,
            "platform_details": "Linux/UNIX",
            "product_codes": [],
            "public": true,
            "ramdisk_id": null,
            "root_device_name": "/dev/sda1",
            "root_device_type": "ebs",
            "root_snapshot_id": "snap-08e5f0e3792c4b337",
            "sriov_net_support": "simple",
            "state": "available",
            "state_reason": {
              "code": "UNSET",
              "message": "UNSET"
            },
            "tags": {},
            "usage_operation": "RunInstances",
            "virtualization_type": "hvm"
          },
          "sensitive_attributes": []
        }
      ]
    },
    {
      "mode": "data",
      "type": "aws_subnet_ids",
      "name": "allsubnets",
      "provider": "provider[\"registry.terraform.io/hashicorp/aws\"]",
      "instances": [
        {
          "schema_version": 0,
          "attributes": {
            "filter": null,
            "id": "vpc-0dfbe23fa79109dff",
            "ids": [
              "subnet-0a925348ebb91e5f7",
              "subnet-0b2600480b80bbbdf",
              "subnet-0e5cde6dc5f97e98e"
            ],
            "tags": null,
            "vpc_id": "vpc-0dfbe23fa79109dff"
          },
          "sensitive_attributes": []
        }
      ]
    },
    {
      "mode": "data",
      "type": "aws_subnets",
      "name": "allsubnets",
      "provider": "provider[\"registry.terraform.io/hashicorp/aws\"]",
      "instances": [
        {
          "schema_version": 0,
          "attributes": {
            "filter": [
              {
                "name": "vpc-id",
                "values": [
                  "vpc-0dfbe23fa79109dff"
                ]
              }
            ],
            "id": "us-east-1",
            "ids": [],
            "tags": null
          },
          "sensitive_attributes": []
        }
      ]
    },
    {
      "mode": "managed",
      "type": "aws_instance",
      "name": "linuxvm",
      "provider": "provider[\"registry.terraform.io/hashicorp/aws\"]",
      "instances": [
        {
          "index_key": 0,
          "schema_version": 1,
          "attributes": {
            "ami": "ami-f9fa4183",
            "arn": "arn:aws:ec2:us-east-1:728643735238:instance/i-0e60856ba0b3c4604",
            "associate_public_ip_address": true,
            "availability_zone": "us-east-1c",
            "capacity_reservation_specification": [
              {
                "capacity_reservation_preference": "open",
                "capacity_reservation_target": []
              }
            ],
            "cpu_core_count": 1,
            "cpu_threads_per_core": 1,
            "credit_specification": [
              {
                "cpu_credits": "standard"
              }
            ],
            "disable_api_termination": false,
            "ebs_block_device": [],
            "ebs_optimized": false,
            "enclave_options": [
              {
                "enabled": false
              }
            ],
            "ephemeral_block_device": [],
            "get_password_data": false,
            "hibernation": false,
            "host_id": null,
            "iam_instance_profile": "",
            "id": "i-0e60856ba0b3c4604",
            "instance_initiated_shutdown_behavior": "stop",
            "instance_state": "running",
            "instance_type": "t2.micro",
            "ipv6_address_count": 0,
            "ipv6_addresses": [],
            "key_name": "TBSTools-ssh-key",
            "launch_template": [],
            "metadata_options": [
              {
                "http_endpoint": "enabled",
                "http_put_response_hop_limit": 1,
                "http_tokens": "optional",
                "instance_metadata_tags": "disabled"
              }
            ],
            "monitoring": false,
            "network_interface": [],
            "outpost_arn": "",
            "password_data": "",
            "placement_group": "",
            "placement_partition_number": null,
            "primary_network_interface_id": "eni-057bc8762d605a501",
            "private_dns": "ip-10-10-3-167.ec2.internal",
            "private_ip": "10.10.3.167",
            "public_dns": "ec2-44-203-99-165.compute-1.amazonaws.com",
            "public_ip": "44.203.99.165",
            "root_block_device": [
              {
                "delete_on_termination": false,
                "device_name": "/dev/sda1",
                "encrypted": false,
                "iops": 0,
                "kms_key_id": "",
                "tags": {},
                "throughput": 0,
                "volume_id": "vol-02740f64e456bea83",
                "volume_size": 8,
                "volume_type": "standard"
              }
            ],
            "secondary_private_ips": [],
            "security_groups": [],
            "source_dest_check": true,
            "subnet_id": "subnet-0a925348ebb91e5f7",
            "tags": {
              "Name": "TBSTools-instance-0"
            },
            "tags_all": {
              "Name": "TBSTools-instance-0"
            },
            "tenancy": "default",
            "timeouts": null,
            "user_data": "2c8288b9f4f01e7ddf7b809b5618085c3a1604ae",
            "user_data_base64": null,
            "volume_tags": null,
            "vpc_security_group_ids": [
              "sg-0ee950bc8c4b256c4"
            ]
          },
          "sensitive_attributes": [],
          "private": "eyJlMmJmYjczMC1lY2FhLTExZTYtOGY4OC0zNDM2M2JjN2M0YzAiOnsiY3JlYXRlIjo2MDAwMDAwMDAwMDAsImRlbGV0ZSI6MTIwMDAwMDAwMDAwMCwidXBkYXRlIjo2MDAwMDAwMDAwMDB9LCJzY2hlbWFfdmVyc2lvbiI6IjEifQ==",
          "dependencies": [
            "aws_key_pair.keypair",
            "aws_security_group.lxwebservers",
            "aws_subnet.subnets",
            "aws_vpc.vpc01",
            "data.aws_ami.centos7",
            "data.aws_subnet_ids.allsubnets",
            "tls_private_key.privatekey"
          ]
        },
        {
          "index_key": 1,
          "schema_version": 1,
          "attributes": {
            "ami": "ami-f9fa4183",
            "arn": "arn:aws:ec2:us-east-1:728643735238:instance/i-0f55c92e59928eb0d",
            "associate_public_ip_address": true,
            "availability_zone": "us-east-1b",
            "capacity_reservation_specification": [
              {
                "capacity_reservation_preference": "open",
                "capacity_reservation_target": []
              }
            ],
            "cpu_core_count": 1,
            "cpu_threads_per_core": 1,
            "credit_specification": [
              {
                "cpu_credits": "standard"
              }
            ],
            "disable_api_termination": false,
            "ebs_block_device": [],
            "ebs_optimized": false,
            "enclave_options": [
              {
                "enabled": false
              }
            ],
            "ephemeral_block_device": [],
            "get_password_data": false,
            "hibernation": false,
            "host_id": null,
            "iam_instance_profile": "",
            "id": "i-0f55c92e59928eb0d",
            "instance_initiated_shutdown_behavior": "stop",
            "instance_state": "running",
            "instance_type": "t2.micro",
            "ipv6_address_count": 0,
            "ipv6_addresses": [],
            "key_name": "TBSTools-ssh-key",
            "launch_template": [],
            "metadata_options": [
              {
                "http_endpoint": "enabled",
                "http_put_response_hop_limit": 1,
                "http_tokens": "optional",
                "instance_metadata_tags": "disabled"
              }
            ],
            "monitoring": false,
            "network_interface": [],
            "outpost_arn": "",
            "password_data": "",
            "placement_group": "",
            "placement_partition_number": null,
            "primary_network_interface_id": "eni-042fbeef000de0bcc",
            "private_dns": "ip-10-10-2-23.ec2.internal",
            "private_ip": "10.10.2.23",
            "public_dns": "ec2-3-238-34-9.compute-1.amazonaws.com",
            "public_ip": "3.238.34.9",
            "root_block_device": [
              {
                "delete_on_termination": false,
                "device_name": "/dev/sda1",
                "encrypted": false,
                "iops": 0,
                "kms_key_id": "",
                "tags": {},
                "throughput": 0,
                "volume_id": "vol-0679439b318371032",
                "volume_size": 8,
                "volume_type": "standard"
              }
            ],
            "secondary_private_ips": [],
            "security_groups": [],
            "source_dest_check": true,
            "subnet_id": "subnet-0b2600480b80bbbdf",
            "tags": {
              "Name": "TBSTools-instance-1"
            },
            "tags_all": {
              "Name": "TBSTools-instance-1"
            },
            "tenancy": "default",
            "timeouts": null,
            "user_data": "2c8288b9f4f01e7ddf7b809b5618085c3a1604ae",
            "user_data_base64": null,
            "volume_tags": null,
            "vpc_security_group_ids": [
              "sg-0ee950bc8c4b256c4"
            ]
          },
          "sensitive_attributes": [],
          "private": "eyJlMmJmYjczMC1lY2FhLTExZTYtOGY4OC0zNDM2M2JjN2M0YzAiOnsiY3JlYXRlIjo2MDAwMDAwMDAwMDAsImRlbGV0ZSI6MTIwMDAwMDAwMDAwMCwidXBkYXRlIjo2MDAwMDAwMDAwMDB9LCJzY2hlbWFfdmVyc2lvbiI6IjEifQ==",
          "dependencies": [
            "aws_key_pair.keypair",
            "aws_security_group.lxwebservers",
            "aws_subnet.subnets",
            "aws_vpc.vpc01",
            "data.aws_ami.centos7",
            "data.aws_subnet_ids.allsubnets",
            "tls_private_key.privatekey"
          ]
        },
        {
          "index_key": 2,
          "schema_version": 1,
          "attributes": {
            "ami": "ami-f9fa4183",
            "arn": "arn:aws:ec2:us-east-1:728643735238:instance/i-0330a30aa57566dca",
            "associate_public_ip_address": true,
            "availability_zone": "us-east-1a",
            "capacity_reservation_specification": [
              {
                "capacity_reservation_preference": "open",
                "capacity_reservation_target": []
              }
            ],
            "cpu_core_count": 1,
            "cpu_threads_per_core": 1,
            "credit_specification": [
              {
                "cpu_credits": "standard"
              }
            ],
            "disable_api_termination": false,
            "ebs_block_device": [],
            "ebs_optimized": false,
            "enclave_options": [
              {
                "enabled": false
              }
            ],
            "ephemeral_block_device": [],
            "get_password_data": false,
            "hibernation": false,
            "host_id": null,
            "iam_instance_profile": "",
            "id": "i-0330a30aa57566dca",
            "instance_initiated_shutdown_behavior": "stop",
            "instance_state": "running",
            "instance_type": "t2.micro",
            "ipv6_address_count": 0,
            "ipv6_addresses": [],
            "key_name": "TBSTools-ssh-key",
            "launch_template": [],
            "metadata_options": [
              {
                "http_endpoint": "enabled",
                "http_put_response_hop_limit": 1,
                "http_tokens": "optional",
                "instance_metadata_tags": "disabled"
              }
            ],
            "monitoring": false,
            "network_interface": [],
            "outpost_arn": "",
            "password_data": "",
            "placement_group": "",
            "placement_partition_number": null,
            "primary_network_interface_id": "eni-0e3e77a05ad0b827b",
            "private_dns": "ip-10-10-1-86.ec2.internal",
            "private_ip": "10.10.1.86",
            "public_dns": "ec2-54-196-27-162.compute-1.amazonaws.com",
            "public_ip": "54.196.27.162",
            "root_block_device": [
              {
                "delete_on_termination": false,
                "device_name": "/dev/sda1",
                "encrypted": false,
                "iops": 0,
                "kms_key_id": "",
                "tags": {},
                "throughput": 0,
                "volume_id": "vol-0fe2dd8d16fe99a6b",
                "volume_size": 8,
                "volume_type": "standard"
              }
            ],
            "secondary_private_ips": [],
            "security_groups": [],
            "source_dest_check": true,
            "subnet_id": "subnet-0e5cde6dc5f97e98e",
            "tags": {
              "Name": "TBSTools-instance-2"
            },
            "tags_all": {
              "Name": "TBSTools-instance-2"
            },
            "tenancy": "default",
            "timeouts": null,
            "user_data": "2c8288b9f4f01e7ddf7b809b5618085c3a1604ae",
            "user_data_base64": null,
            "volume_tags": null,
            "vpc_security_group_ids": [
              "sg-0ee950bc8c4b256c4"
            ]
          },
          "sensitive_attributes": [],
          "private": "eyJlMmJmYjczMC1lY2FhLTExZTYtOGY4OC0zNDM2M2JjN2M0YzAiOnsiY3JlYXRlIjo2MDAwMDAwMDAwMDAsImRlbGV0ZSI6MTIwMDAwMDAwMDAwMCwidXBkYXRlIjo2MDAwMDAwMDAwMDB9LCJzY2hlbWFfdmVyc2lvbiI6IjEifQ==",
          "dependencies": [
            "aws_key_pair.keypair",
            "aws_security_group.lxwebservers",
            "aws_subnet.subnets",
            "aws_vpc.vpc01",
            "data.aws_ami.centos7",
            "data.aws_subnet_ids.allsubnets",
            "tls_private_key.privatekey"
          ]
        }
      ]
    },
    {
      "mode": "managed",
      "type": "aws_internet_gateway",
      "name": "igw",
      "provider": "provider[\"registry.terraform.io/hashicorp/aws\"]",
      "instances": [
        {
          "schema_version": 0,
          "attributes": {
            "arn": "arn:aws:ec2:us-east-1:728643735238:internet-gateway/igw-0d5ce0f6933d3372e",
            "id": "igw-0d5ce0f6933d3372e",
            "owner_id": "728643735238",
            "tags": {
              "Name": "TBSTools-igw"
            },
            "tags_all": {
              "Name": "TBSTools-igw"
            },
            "vpc_id": "vpc-0dfbe23fa79109dff"
          },
          "sensitive_attributes": [],
          "private": "bnVsbA==",
          "dependencies": [
            "aws_vpc.vpc01"
          ]
        }
      ]
    },
    {
      "mode": "managed",
      "type": "aws_key_pair",
      "name": "keypair",
      "provider": "provider[\"registry.terraform.io/hashicorp/aws\"]",
      "instances": [
        {
          "schema_version": 1,
          "attributes": {
            "arn": "arn:aws:ec2:us-east-1:728643735238:key-pair/TBSTools-ssh-key",
            "fingerprint": "e0:7f:24:2f:44:5e:69:95:8f:3a:64:a0:dc:ec:4a:1e",
            "id": "TBSTools-ssh-key",
            "key_name": "TBSTools-ssh-key",
            "key_name_prefix": "",
            "key_pair_id": "key-06757d731dce38fb5",
            "public_key": "ssh-rsa AAAAB3NzaC1yc2EAAAADAQABAAABAQC7EEzx0uzZtpPsIOpjc3Y/ZRRiPA+Yymw8nOgbi8QiMhnbmUdvVPIDmcy9zoO71Gu3dAWyCXLp6ZHiqYKmI/h6wwVq0pkeq9BPZZO9f7j4C7ZvqLNaSdZQ0FTHq8eI8mXje5Xl26l+8eqUoIyI9ROn+imVAUSx7scn1HkMjnoX/YJapW9UkWVcCJwnKVmFxxnwE4aWmK9UteTvgzyoLr80FxtfG5ryIimJysqPgvobKCvZ8kQMJKGiklSqKiLaguXwmZz2wnnJHb53TAqP270puLhlL4e7/PldLglvO17Bu2hcTXcLMEsENKeLcHvWk+unOaAX3RIShtgeksAsaxkZ",
            "tags": null,
            "tags_all": {}
          },
          "sensitive_attributes": [],
          "private": "eyJzY2hlbWFfdmVyc2lvbiI6IjEifQ==",
          "dependencies": [
            "tls_private_key.privatekey"
          ]
        }
      ]
    },
    {
      "mode": "managed",
      "type": "aws_route_table",
      "name": "rt01",
      "provider": "provider[\"registry.terraform.io/hashicorp/aws\"]",
      "instances": [
        {
          "schema_version": 0,
          "attributes": {
            "arn": "arn:aws:ec2:us-east-1:728643735238:route-table/rtb-0e61983f1e8d63030",
            "id": "rtb-0e61983f1e8d63030",
            "owner_id": "728643735238",
            "propagating_vgws": [],
            "route": [
              {
                "carrier_gateway_id": "",
                "cidr_block": "0.0.0.0/0",
                "destination_prefix_list_id": "",
                "egress_only_gateway_id": "",
                "gateway_id": "igw-0d5ce0f6933d3372e",
                "instance_id": "",
                "ipv6_cidr_block": "",
                "local_gateway_id": "",
                "nat_gateway_id": "",
                "network_interface_id": "",
                "transit_gateway_id": "",
                "vpc_endpoint_id": "",
                "vpc_peering_connection_id": ""
              }
            ],
            "tags": {
              "Name": "TBSTools-rt"
            },
            "tags_all": {
              "Name": "TBSTools-rt"
            },
            "timeouts": null,
            "vpc_id": "vpc-0dfbe23fa79109dff"
          },
          "sensitive_attributes": [],
          "private": "eyJlMmJmYjczMC1lY2FhLTExZTYtOGY4OC0zNDM2M2JjN2M0YzAiOnsiY3JlYXRlIjozMDAwMDAwMDAwMDAsImRlbGV0ZSI6MzAwMDAwMDAwMDAwLCJ1cGRhdGUiOjEyMDAwMDAwMDAwMH19",
          "dependencies": [
            "aws_internet_gateway.igw",
            "aws_vpc.vpc01"
          ]
        }
      ]
    },
    {
      "mode": "managed",
      "type": "aws_route_table_association",
      "name": "subnetroutes",
      "provider": "provider[\"registry.terraform.io/hashicorp/aws\"]",
      "instances": [
        {
          "index_key": 0,
          "schema_version": 0,
          "attributes": {
            "gateway_id": "",
            "id": "rtbassoc-0ced06c8677fda8cf",
            "route_table_id": "rtb-0e61983f1e8d63030",
            "subnet_id": "subnet-0a925348ebb91e5f7"
          },
          "sensitive_attributes": [],
          "private": "bnVsbA==",
          "dependencies": [
            "aws_internet_gateway.igw",
            "aws_route_table.rt01",
            "aws_subnet.subnets",
            "aws_vpc.vpc01",
            "data.aws_subnet_ids.allsubnets"
          ]
        },
        {
          "index_key": 1,
          "schema_version": 0,
          "attributes": {
            "gateway_id": "",
            "id": "rtbassoc-07070b9ddcd6260ca",
            "route_table_id": "rtb-0e61983f1e8d63030",
            "subnet_id": "subnet-0b2600480b80bbbdf"
          },
          "sensitive_attributes": [],
          "private": "bnVsbA==",
          "dependencies": [
            "aws_internet_gateway.igw",
            "aws_route_table.rt01",
            "aws_subnet.subnets",
            "aws_vpc.vpc01",
            "data.aws_subnet_ids.allsubnets"
          ]
        },
        {
          "index_key": 2,
          "schema_version": 0,
          "attributes": {
            "gateway_id": "",
            "id": "rtbassoc-09d773f919bfe110d",
            "route_table_id": "rtb-0e61983f1e8d63030",
            "subnet_id": "subnet-0e5cde6dc5f97e98e"
          },
          "sensitive_attributes": [],
          "private": "bnVsbA==",
          "dependencies": [
            "aws_internet_gateway.igw",
            "aws_route_table.rt01",
            "aws_subnet.subnets",
            "aws_vpc.vpc01",
            "data.aws_subnet_ids.allsubnets"
          ]
        }
      ]
    },
    {
      "mode": "managed",
      "type": "aws_security_group",
      "name": "lxwebservers",
      "provider": "provider[\"registry.terraform.io/hashicorp/aws\"]",
      "instances": [
        {
          "schema_version": 1,
          "attributes": {
            "arn": "arn:aws:ec2:us-east-1:728643735238:security-group/sg-0ee950bc8c4b256c4",
            "description": "Managed by Terraform",
            "egress": [
              {
                "cidr_blocks": [
                  "0.0.0.0/0"
                ],
                "description": "",
                "from_port": 0,
                "ipv6_cidr_blocks": [],
                "prefix_list_ids": [],
                "protocol": "-1",
                "security_groups": [],
                "self": false,
                "to_port": 0
              }
            ],
            "id": "sg-0ee950bc8c4b256c4",
            "ingress": [
              {
                "cidr_blocks": [
                  "0.0.0.0/0"
                ],
                "description": "",
                "from_port": 22,
                "ipv6_cidr_blocks": [],
                "prefix_list_ids": [],
                "protocol": "tcp",
                "security_groups": [],
                "self": false,
                "to_port": 22
              },
              {
                "cidr_blocks": [
                  "0.0.0.0/0"
                ],
                "description": "",
                "from_port": 80,
                "ipv6_cidr_blocks": [],
                "prefix_list_ids": [],
                "protocol": "tcp",
                "security_groups": [],
                "self": false,
                "to_port": 80
              }
            ],
            "name": "TBSTools_lxwebservers",
            "name_prefix": "",
            "owner_id": "728643735238",
            "revoke_rules_on_delete": false,
            "tags": {
              "Name": "sg-TBSTools-lxwebservers"
            },
            "tags_all": {
              "Name": "sg-TBSTools-lxwebservers"
            },
            "timeouts": null,
            "vpc_id": "vpc-0dfbe23fa79109dff"
          },
          "sensitive_attributes": [],
          "private": "eyJlMmJmYjczMC1lY2FhLTExZTYtOGY4OC0zNDM2M2JjN2M0YzAiOnsiY3JlYXRlIjo2MDAwMDAwMDAwMDAsImRlbGV0ZSI6OTAwMDAwMDAwMDAwfSwic2NoZW1hX3ZlcnNpb24iOiIxIn0=",
          "dependencies": [
            "aws_vpc.vpc01"
          ]
        }
      ]
    },
    {
      "mode": "managed",
      "type": "aws_subnet",
      "name": "subnets",
      "provider": "provider[\"registry.terraform.io/hashicorp/aws\"]",
      "instances": [
        {
          "index_key": "10.10.1.0/24",
          "schema_version": 1,
          "attributes": {
            "arn": "arn:aws:ec2:us-east-1:728643735238:subnet/subnet-0e5cde6dc5f97e98e",
            "assign_ipv6_address_on_creation": false,
            "availability_zone": "us-east-1a",
            "availability_zone_id": "use1-az6",
            "cidr_block": "10.10.1.0/24",
            "customer_owned_ipv4_pool": "",
            "enable_dns64": false,
            "enable_resource_name_dns_a_record_on_launch": false,
            "enable_resource_name_dns_aaaa_record_on_launch": false,
            "id": "subnet-0e5cde6dc5f97e98e",
            "ipv6_cidr_block": "",
            "ipv6_cidr_block_association_id": "",
            "ipv6_native": false,
            "map_customer_owned_ip_on_launch": false,
            "map_public_ip_on_launch": false,
            "outpost_arn": "",
            "owner_id": "728643735238",
            "private_dns_hostname_type_on_launch": "ip-name",
            "tags": {
              "Name": "TBSTools-subnet0"
            },
            "tags_all": {
              "Name": "TBSTools-subnet0"
            },
            "timeouts": null,
            "vpc_id": "vpc-0dfbe23fa79109dff"
          },
          "sensitive_attributes": [],
          "private": "eyJlMmJmYjczMC1lY2FhLTExZTYtOGY4OC0zNDM2M2JjN2M0YzAiOnsiY3JlYXRlIjo2MDAwMDAwMDAwMDAsImRlbGV0ZSI6MTIwMDAwMDAwMDAwMH0sInNjaGVtYV92ZXJzaW9uIjoiMSJ9",
          "dependencies": [
            "aws_vpc.vpc01"
          ]
        },
        {
          "index_key": "10.10.2.0/24",
          "schema_version": 1,
          "attributes": {
            "arn": "arn:aws:ec2:us-east-1:728643735238:subnet/subnet-0b2600480b80bbbdf",
            "assign_ipv6_address_on_creation": false,
            "availability_zone": "us-east-1b",
            "availability_zone_id": "use1-az1",
            "cidr_block": "10.10.2.0/24",
            "customer_owned_ipv4_pool": "",
            "enable_dns64": false,
            "enable_resource_name_dns_a_record_on_launch": false,
            "enable_resource_name_dns_aaaa_record_on_launch": false,
            "id": "subnet-0b2600480b80bbbdf",
            "ipv6_cidr_block": "",
            "ipv6_cidr_block_association_id": "",
            "ipv6_native": false,
            "map_customer_owned_ip_on_launch": false,
            "map_public_ip_on_launch": false,
            "outpost_arn": "",
            "owner_id": "728643735238",
            "private_dns_hostname_type_on_launch": "ip-name",
            "tags": {
              "Name": "TBSTools-subnet1"
            },
            "tags_all": {
              "Name": "TBSTools-subnet1"
            },
            "timeouts": null,
            "vpc_id": "vpc-0dfbe23fa79109dff"
          },
          "sensitive_attributes": [],
          "private": "eyJlMmJmYjczMC1lY2FhLTExZTYtOGY4OC0zNDM2M2JjN2M0YzAiOnsiY3JlYXRlIjo2MDAwMDAwMDAwMDAsImRlbGV0ZSI6MTIwMDAwMDAwMDAwMH0sInNjaGVtYV92ZXJzaW9uIjoiMSJ9",
          "dependencies": [
            "aws_vpc.vpc01"
          ]
        },
        {
          "index_key": "10.10.3.0/24",
          "schema_version": 1,
          "attributes": {
            "arn": "arn:aws:ec2:us-east-1:728643735238:subnet/subnet-0a925348ebb91e5f7",
            "assign_ipv6_address_on_creation": false,
            "availability_zone": "us-east-1c",
            "availability_zone_id": "use1-az2",
            "cidr_block": "10.10.3.0/24",
            "customer_owned_ipv4_pool": "",
            "enable_dns64": false,
            "enable_resource_name_dns_a_record_on_launch": false,
            "enable_resource_name_dns_aaaa_record_on_launch": false,
            "id": "subnet-0a925348ebb91e5f7",
            "ipv6_cidr_block": "",
            "ipv6_cidr_block_association_id": "",
            "ipv6_native": false,
            "map_customer_owned_ip_on_launch": false,
            "map_public_ip_on_launch": false,
            "outpost_arn": "",
            "owner_id": "728643735238",
            "private_dns_hostname_type_on_launch": "ip-name",
            "tags": {
              "Name": "TBSTools-subnet2"
            },
            "tags_all": {
              "Name": "TBSTools-subnet2"
            },
            "timeouts": null,
            "vpc_id": "vpc-0dfbe23fa79109dff"
          },
          "sensitive_attributes": [],
          "private": "eyJlMmJmYjczMC1lY2FhLTExZTYtOGY4OC0zNDM2M2JjN2M0YzAiOnsiY3JlYXRlIjo2MDAwMDAwMDAwMDAsImRlbGV0ZSI6MTIwMDAwMDAwMDAwMH0sInNjaGVtYV92ZXJzaW9uIjoiMSJ9",
          "dependencies": [
            "aws_vpc.vpc01"
          ]
        }
      ]
    },
    {
      "mode": "managed",
      "type": "aws_vpc",
      "name": "vpc01",
      "provider": "provider[\"registry.terraform.io/hashicorp/aws\"]",
      "instances": [
        {
          "schema_version": 1,
          "attributes": {
            "arn": "arn:aws:ec2:us-east-1:728643735238:vpc/vpc-0dfbe23fa79109dff",
            "assign_generated_ipv6_cidr_block": false,
            "cidr_block": "10.10.0.0/16",
            "default_network_acl_id": "acl-070998f4991acf254",
            "default_route_table_id": "rtb-0d73a08d028b953b7",
            "default_security_group_id": "sg-0c7432339b7120757",
            "dhcp_options_id": "dopt-05c577390347d2a12",
            "enable_classiclink": false,
            "enable_classiclink_dns_support": false,
            "enable_dns_hostnames": true,
            "enable_dns_support": true,
            "id": "vpc-0dfbe23fa79109dff",
            "instance_tenancy": "default",
            "ipv4_ipam_pool_id": null,
            "ipv4_netmask_length": null,
            "ipv6_association_id": "",
            "ipv6_cidr_block": "",
            "ipv6_cidr_block_network_border_group": "",
            "ipv6_ipam_pool_id": "",
            "ipv6_netmask_length": 0,
            "main_route_table_id": "rtb-0d73a08d028b953b7",
            "owner_id": "728643735238",
            "tags": {
              "Name": "TBSTools-vpc"
            },
            "tags_all": {
              "Name": "TBSTools-vpc"
            }
          },
          "sensitive_attributes": [],
          "private": "eyJzY2hlbWFfdmVyc2lvbiI6IjEifQ=="
        }
      ]
    },
    {
      "mode": "managed",
      "type": "local_file",
      "name": "aws_cloud_pem",
      "provider": "provider[\"registry.terraform.io/hashicorp/local\"]",
      "instances": [
        {
          "schema_version": 0,
          "attributes": {
            "content": "-----BEGIN RSA PRIVATE KEY-----\nMIIEogIBAAKCAQEAuxBM8dLs2baT7CDqY3N2P2UUYjwPmMpsPJzoG4vEIjIZ25lH\nb1TyA5nMvc6Du9Rrt3QFsgly6emR4qmCpiP4esMFatKZHqvQT2WTvX+4+Au2b6iz\nWknWUNBUx6vHiPJl43uV5dupfvHqlKCMiPUTp/oplQFEse7HJ9R5DI56F/2CWqVv\nVJFlXAicJylZhccZ8BOGlpivVLXk74M8qC6/NBcbXxua8iIpicrKj4L6Gygr2fJE\nDCShopJUqioi2oLl8Jmc9sJ5yR2+d0wKj9u9Kbi4ZS+Hu/z5XS4JbztewbtoXE13\nCzBLBDSni3B71pPrpzmgF90SEobYHpLALGsZGQIDAQABAoIBAFJWr3e2HxkJm3zR\nVDpoRUFMTbebtkXLu+7GJgiR8cgXg3g8tMvVeR2Koitd7nBL5QoAIM2oCRPbAqLh\neCeHJ8VpeEX34vw0JmH8VRaRVKqiBTCK8j8oxxQVT2wAObkW8TA7YtSlZqsA8v9u\n180lCvziSVFUGJe1gaYPiSS0xhsucwFwmoNPW9Cxbti/WN8yUpgLBjWmR0mPXLVg\navl8XrbGIGiGl4MteqPwP70uKbir+ba2rL/RVpcLssxqkwLJcviHTOkSuuW8xS2u\ny0nDxqG4Sr0NfZmSvoYAcSOIU6bGpXXla0JAlZdDMFWxsBy8VwNXDjjlzAAaS52T\n1jW10/ECgYEAy787yyByvAAtLDbT0S2ucpEEHdj+0LJQFP8mo8FEQIE/5T2DmaIV\nNOsQm00ddxtYle0685RtId/Fk3KZWnYaiQgu9+/JvqicncTYmA3gaCNtpSivPQSo\nvvmdIawl4Q9voFC/XGVpdDYCnyLcn2M2lUyIyTGu77urviJ8nTRvCxUCgYEA6wm+\nJNkGbu3kZ40HHONTPFDtOQISVx1fm06f4UGDAjmSxTmpQbLU6lApw+/2icNVoVA0\nHq/NYTY6BtXz4SYLCrRW0v5LrihFv/QBpqqihb2c0C/oBN132V4HWcxjmhW0WLFy\nCHCxACTPxSaB5quSMg1JoAdzP7ksO9wE7BEXBvUCgYA+gQ8N1Il+JSu2eadnb3Up\nzlUN9wjM6zboChJHgD248C2y3Lkng3KwBkDU88ZLSMdXTyyblvgXwTcycaCcAMlJ\nKoqGIzin1cAeIkoz82XZbKzxUtbXiDtgQuEyeEYykfKzorHh3XaJYRxSx3YZK22O\nRalc13IMN22LabcC3xgFtQKBgGKssnFR08uagDuhD41nOril2RIH9p8wK8VOGv08\nvb2fYij+7jow1AaTJRWnlr97jGWvAFKpx/W6CF56UGsDx7r0v0bRkABL1AykalUI\najbvxff5RNVWDUzqlvdyQZac6hwaUx+MACNpUPkaE4s+GKB+x5wxxIbKPPHciwx4\nmExJAoGAHi2TFA2gn6Jf+YaKRa5qPXrk+G2G+0QToZ1RrSWXzNY1Q6K1wupvH74v\nuyTOlMVqGB5g+7jI6JGIYmKlrFFpUkuMpR1V7z4S6dsd52eqzo+cjIiA2q/HX7Fb\nIO6oRhf1/r5Em31wf/dXhWzJ9ckAN2qohzu8ZHjgE8ClAGfTtpU=\n-----END RSA PRIVATE KEY-----\n",
            "content_base64": null,
            "directory_permission": "0777",
            "file_permission": "0777",
            "filename": "TBSTools-ssh-key.pem",
            "id": "54c52fbf8c794dba44d959d6b2463b62f33951d6",
            "sensitive_content": null,
            "source": null
          },
          "sensitive_attributes": [
            [
              {
                "type": "get_attr",
                "value": "content"
              }
            ]
          ],
          "private": "bnVsbA==",
          "dependencies": [
            "tls_private_key.privatekey"
          ]
        }
      ]
    },
    {
      "mode": "managed",
      "type": "tls_private_key",
      "name": "privatekey",
      "provider": "provider[\"registry.terraform.io/hashicorp/tls\"]",
      "instances": [
        {
          "schema_version": 0,
          "attributes": {
            "algorithm": "RSA",
            "ecdsa_curve": "P224",
            "id": "ee71a640243466bc3ff8ad2ac4492a02a74ab720",
            "private_key_pem": "-----BEGIN RSA PRIVATE KEY-----\nMIIEogIBAAKCAQEAuxBM8dLs2baT7CDqY3N2P2UUYjwPmMpsPJzoG4vEIjIZ25lH\nb1TyA5nMvc6Du9Rrt3QFsgly6emR4qmCpiP4esMFatKZHqvQT2WTvX+4+Au2b6iz\nWknWUNBUx6vHiPJl43uV5dupfvHqlKCMiPUTp/oplQFEse7HJ9R5DI56F/2CWqVv\nVJFlXAicJylZhccZ8BOGlpivVLXk74M8qC6/NBcbXxua8iIpicrKj4L6Gygr2fJE\nDCShopJUqioi2oLl8Jmc9sJ5yR2+d0wKj9u9Kbi4ZS+Hu/z5XS4JbztewbtoXE13\nCzBLBDSni3B71pPrpzmgF90SEobYHpLALGsZGQIDAQABAoIBAFJWr3e2HxkJm3zR\nVDpoRUFMTbebtkXLu+7GJgiR8cgXg3g8tMvVeR2Koitd7nBL5QoAIM2oCRPbAqLh\neCeHJ8VpeEX34vw0JmH8VRaRVKqiBTCK8j8oxxQVT2wAObkW8TA7YtSlZqsA8v9u\n180lCvziSVFUGJe1gaYPiSS0xhsucwFwmoNPW9Cxbti/WN8yUpgLBjWmR0mPXLVg\navl8XrbGIGiGl4MteqPwP70uKbir+ba2rL/RVpcLssxqkwLJcviHTOkSuuW8xS2u\ny0nDxqG4Sr0NfZmSvoYAcSOIU6bGpXXla0JAlZdDMFWxsBy8VwNXDjjlzAAaS52T\n1jW10/ECgYEAy787yyByvAAtLDbT0S2ucpEEHdj+0LJQFP8mo8FEQIE/5T2DmaIV\nNOsQm00ddxtYle0685RtId/Fk3KZWnYaiQgu9+/JvqicncTYmA3gaCNtpSivPQSo\nvvmdIawl4Q9voFC/XGVpdDYCnyLcn2M2lUyIyTGu77urviJ8nTRvCxUCgYEA6wm+\nJNkGbu3kZ40HHONTPFDtOQISVx1fm06f4UGDAjmSxTmpQbLU6lApw+/2icNVoVA0\nHq/NYTY6BtXz4SYLCrRW0v5LrihFv/QBpqqihb2c0C/oBN132V4HWcxjmhW0WLFy\nCHCxACTPxSaB5quSMg1JoAdzP7ksO9wE7BEXBvUCgYA+gQ8N1Il+JSu2eadnb3Up\nzlUN9wjM6zboChJHgD248C2y3Lkng3KwBkDU88ZLSMdXTyyblvgXwTcycaCcAMlJ\nKoqGIzin1cAeIkoz82XZbKzxUtbXiDtgQuEyeEYykfKzorHh3XaJYRxSx3YZK22O\nRalc13IMN22LabcC3xgFtQKBgGKssnFR08uagDuhD41nOril2RIH9p8wK8VOGv08\nvb2fYij+7jow1AaTJRWnlr97jGWvAFKpx/W6CF56UGsDx7r0v0bRkABL1AykalUI\najbvxff5RNVWDUzqlvdyQZac6hwaUx+MACNpUPkaE4s+GKB+x5wxxIbKPPHciwx4\nmExJAoGAHi2TFA2gn6Jf+YaKRa5qPXrk+G2G+0QToZ1RrSWXzNY1Q6K1wupvH74v\nuyTOlMVqGB5g+7jI6JGIYmKlrFFpUkuMpR1V7z4S6dsd52eqzo+cjIiA2q/HX7Fb\nIO6oRhf1/r5Em31wf/dXhWzJ9ckAN2qohzu8ZHjgE8ClAGfTtpU=\n-----END RSA PRIVATE KEY-----\n",
            "public_key_fingerprint_md5": "ea:f1:40:af:6c:83:65:9f:45:ec:3d:38:1b:3d:bf:9e",
            "public_key_openssh": "ssh-rsa AAAAB3NzaC1yc2EAAAADAQABAAABAQC7EEzx0uzZtpPsIOpjc3Y/ZRRiPA+Yymw8nOgbi8QiMhnbmUdvVPIDmcy9zoO71Gu3dAWyCXLp6ZHiqYKmI/h6wwVq0pkeq9BPZZO9f7j4C7ZvqLNaSdZQ0FTHq8eI8mXje5Xl26l+8eqUoIyI9ROn+imVAUSx7scn1HkMjnoX/YJapW9UkWVcCJwnKVmFxxnwE4aWmK9UteTvgzyoLr80FxtfG5ryIimJysqPgvobKCvZ8kQMJKGiklSqKiLaguXwmZz2wnnJHb53TAqP270puLhlL4e7/PldLglvO17Bu2hcTXcLMEsENKeLcHvWk+unOaAX3RIShtgeksAsaxkZ\n",
            "public_key_pem": "-----BEGIN PUBLIC KEY-----\nMIIBIjANBgkqhkiG9w0BAQEFAAOCAQ8AMIIBCgKCAQEAuxBM8dLs2baT7CDqY3N2\nP2UUYjwPmMpsPJzoG4vEIjIZ25lHb1TyA5nMvc6Du9Rrt3QFsgly6emR4qmCpiP4\nesMFatKZHqvQT2WTvX+4+Au2b6izWknWUNBUx6vHiPJl43uV5dupfvHqlKCMiPUT\np/oplQFEse7HJ9R5DI56F/2CWqVvVJFlXAicJylZhccZ8BOGlpivVLXk74M8qC6/\nNBcbXxua8iIpicrKj4L6Gygr2fJEDCShopJUqioi2oLl8Jmc9sJ5yR2+d0wKj9u9\nKbi4ZS+Hu/z5XS4JbztewbtoXE13CzBLBDSni3B71pPrpzmgF90SEobYHpLALGsZ\nGQIDAQAB\n-----END PUBLIC KEY-----\n",
            "rsa_bits": 2048
          },
          "sensitive_attributes": [],
          "private": "bnVsbA=="
        }
      ]
    }
  ]
}
